
Microsoft Visual Studio Solution File, Format Version 12.00
# Visual Studio 15
VisualStudioVersion = 15.0.28307.1062
MinimumVisualStudioVersion = 10.0.40219.1
Project("{8BC9CEB8-8B4A-11D0-8D11-00A0C91BC942}") = "zbitblit", "zbitblit\zbitblit.vcxproj", "{CD6D7271-BEAF-4558-A62D-87575C42AD55}"
EndProject
Global
	GlobalSection(SolutionConfigurationPlatforms) = preSolution
		Debug|x64 = Debug|x64
		Debug|x86 = Debug|x86
		Release|x64 = Release|x64
		Release|x86 = Release|x86
	EndGlobalSection
	GlobalSection(ProjectConfigurationPlatforms) = postSolution
		{CD6D7271-BEAF-4558-A62D-87575C42AD55}.Debug|x64.ActiveCfg = Debug|x64
		{CD6D7271-BEAF-4558-A62D-87575C42AD55}.Debug|x64.Build.0 = Debug|x64
		{CD6D7271-BEAF-4558-A62D-87575C42AD55}.Debug|x86.ActiveCfg = Debug|Win32
		{CD6D7271-BEAF-4558-A62D-87575C42AD55}.Debug|x86.Build.0 = Debug|Win32
		{CD6D7271-BEAF-4558-A62D-87575C42AD55}.Release|x64.ActiveCfg = Release|x64
		{CD6D7271-BEAF-4558-A62D-87575C42AD55}.Release|x64.Build.0 = Release|x64
		{CD6D7271-BEAF-4558-A62D-87575C42AD55}.Release|x86.ActiveCfg = Release|Win32
		{CD6D7271-BEAF-4558-A62D-87575C42AD55}.Release|x86.Build.0 = Release|Win32
	EndGlobalSection
	GlobalSection(SolutionProperties) = preSolution
		HideSolutionNode = FALSE
	EndGlobalSection
	GlobalSection(ExtensibilityGlobals) = postSolution
		SolutionGuid = {197CC439-EC74-49DE-8F46-863189211A08}
	EndGlobalSection
EndGlobal
